
Microsoft Visual Studio Solution File, Format Version 12.00
# Visual Studio Version 16
VisualStudioVersion = 16.0.30011.22
MinimumVisualStudioVersion = 10.0.40219.1
Project("{9A19103F-16F7-4668-BE54-9A1E7A4F7556}") = "MT5ADXEquivalent", "..\..\Indicators\MT5ADXEquivalent\MT5ADXEquivalent\MT5ADXEquivalent.csproj", "{2cdf867b-1b70-42ec-9f37-14374c743a4b}"
EndProject
Project("{FAE04EC0-301F-11D3-BF4B-00C04F79EFBC}") = "Range Breakout", "Range Breakout\Range Breakout.csproj", "{c31a3b11-6649-4afa-8ddd-68790ed22762}"
EndProject
Global
	GlobalSection(SolutionConfigurationPlatforms) = preSolution
		Debug|Any CPU = Debug|Any CPU
		Release|Any CPU = Release|Any CPU
	EndGlobalSection
	GlobalSection(ProjectConfigurationPlatforms) = postSolution
		{c31a3b11-6649-4afa-8ddd-68790ed22762}.Debug|Any CPU.ActiveCfg = Debug|Any CPU
		{c31a3b11-6649-4afa-8ddd-68790ed22762}.Debug|Any CPU.Build.0 = Debug|Any CPU
		{c31a3b11-6649-4afa-8ddd-68790ed22762}.Release|Any CPU.ActiveCfg = Release|Any CPU
		{c31a3b11-6649-4afa-8ddd-68790ed22762}.Release|Any CPU.Build.0 = Release|Any CPU
	EndGlobalSection
	GlobalSection(SolutionProperties) = preSolution
		HideSolutionNode = FALSE
	EndGlobalSection
EndGlobal

